
Microsoft Visual Studio Solution File, Format Version 12.00
# Visual Studio Version 17
VisualStudioVersion = 17.5.33516.290
MinimumVisualStudioVersion = 10.0.40219.1
Project("{8BC9CEB8-8B4A-11D0-8D11-00A0C91BC942}") = "ca3", "ca3\ca3.vcxproj", "{46BA3123-EA4E-48EA-A253-7DECF87F0C25}"
EndProject
Global
	GlobalSection(SolutionConfigurationPlatforms) = preSolution
		Debug|x64 = Debug|x64
		Debug|x86 = Debug|x86
		Release|x64 = Release|x64
		Release|x86 = Release|x86
	EndGlobalSection
	GlobalSection(ProjectConfigurationPlatforms) = postSolution
		{46BA3123-EA4E-48EA-A253-7DECF87F0C25}.Debug|x64.ActiveCfg = Debug|x64
		{46BA3123-EA4E-48EA-A253-7DECF87F0C25}.Debug|x64.Build.0 = Debug|x64
		{46BA3123-EA4E-48EA-A253-7DECF87F0C25}.Debug|x86.ActiveCfg = Debug|Win32
		{46BA3123-EA4E-48EA-A253-7DECF87F0C25}.Debug|x86.Build.0 = Debug|Win32
		{46BA3123-EA4E-48EA-A253-7DECF87F0C25}.Release|x64.ActiveCfg = Release|x64
		{46BA3123-EA4E-48EA-A253-7DECF87F0C25}.Release|x64.Build.0 = Release|x64
		{46BA3123-EA4E-48EA-A253-7DECF87F0C25}.Release|x86.ActiveCfg = Release|Win32
		{46BA3123-EA4E-48EA-A253-7DECF87F0C25}.Release|x86.Build.0 = Release|Win32
	EndGlobalSection
	GlobalSection(SolutionProperties) = preSolution
		HideSolutionNode = FALSE
	EndGlobalSection
	GlobalSection(ExtensibilityGlobals) = postSolution
		SolutionGuid = {4018C387-6FBC-4F4E-8939-492B5CA8B278}
	EndGlobalSection
EndGlobal
