
Microsoft Visual Studio Solution File, Format Version 12.00
# Visual Studio Version 17
VisualStudioVersion = 17.5.33530.505
MinimumVisualStudioVersion = 10.0.40219.1
Project("{FAE04EC0-301F-11D3-BF4B-00C04F79EFBC}") = "ca21", "ca21\ca21.csproj", "{81AC17B8-90BA-4D6C-B14B-02A5E2CAAC43}"
EndProject
Global
	GlobalSection(SolutionConfigurationPlatforms) = preSolution
		Debug|Any CPU = Debug|Any CPU
		Release|Any CPU = Release|Any CPU
	EndGlobalSection
	GlobalSection(ProjectConfigurationPlatforms) = postSolution
		{81AC17B8-90BA-4D6C-B14B-02A5E2CAAC43}.Debug|Any CPU.ActiveCfg = Debug|Any CPU
		{81AC17B8-90BA-4D6C-B14B-02A5E2CAAC43}.Debug|Any CPU.Build.0 = Debug|Any CPU
		{81AC17B8-90BA-4D6C-B14B-02A5E2CAAC43}.Release|Any CPU.ActiveCfg = Release|Any CPU
		{81AC17B8-90BA-4D6C-B14B-02A5E2CAAC43}.Release|Any CPU.Build.0 = Release|Any CPU
	EndGlobalSection
	GlobalSection(SolutionProperties) = preSolution
		HideSolutionNode = FALSE
	EndGlobalSection
	GlobalSection(ExtensibilityGlobals) = postSolution
		SolutionGuid = {D6AB0C42-63FC-4359-AC40-84936C2D5015}
	EndGlobalSection
EndGlobal
